// !$*UTF8*$!
{
	archiveVersion = 1;
	classes = {
	};
	objectVersion = 50;
	objects = {

/* Begin PBXBuildFile section */
		427B501723F8DC9E004B9F36 /* BackgroundImageView.swift in Sources */ = {isa = PBXBuildFile; fileRef = 427B501623F8DC9E004B9F36 /* BackgroundImageView.swift */; };
		427B501923F8E73D004B9F36 /* BackButtonView.swift in Sources */ = {isa = PBXBuildFile; fileRef = 427B501823F8E73D004B9F36 /* BackButtonView.swift */; };
		427B501F23F90B9D004B9F36 /* BottomCardView.swift in Sources */ = {isa = PBXBuildFile; fileRef = 427B501E23F90B9D004B9F36 /* BottomCardView.swift */; };
		42D543CD23F95274000D131E /* MidView.swift in Sources */ = {isa = PBXBuildFile; fileRef = 42D543CC23F95274000D131E /* MidView.swift */; };
		42D543CF23F95397000D131E /* TopView.swift in Sources */ = {isa = PBXBuildFile; fileRef = 42D543CE23F95397000D131E /* TopView.swift */; };
		42D543D123F95465000D131E /* BottomBottomView.swift in Sources */ = {isa = PBXBuildFile; fileRef = 42D543D023F95465000D131E /* BottomBottomView.swift */; };
		42D543D323F95ABC000D131E /* WeatherView.swift in Sources */ = {isa = PBXBuildFile; fileRef = 42D543D223F95ABC000D131E /* WeatherView.swift */; };
		42E79E9823F9125B00AF2EFC /* ChooseAmenitiesView.swift in Sources */ = {isa = PBXBuildFile; fileRef = 42E79E9723F9125B00AF2EFC /* ChooseAmenitiesView.swift */; };
		42E79E9A23F9142700AF2EFC /* AmenitiesButtonsView.swift in Sources */ = {isa = PBXBuildFile; fileRef = 42E79E9923F9142700AF2EFC /* AmenitiesButtonsView.swift */; };
		42FB23B023F8D80E00E60ADE /* AppDelegate.swift in Sources */ = {isa = PBXBuildFile; fileRef = 42FB23AF23F8D80E00E60ADE /* AppDelegate.swift */; };
		42FB23B223F8D80E00E60ADE /* SceneDelegate.swift in Sources */ = {isa = PBXBuildFile; fileRef = 42FB23B123F8D80E00E60ADE /* SceneDelegate.swift */; };
		42FB23B423F8D80E00E60ADE /* WelcomeView.swift in Sources */ = {isa = PBXBuildFile; fileRef = 42FB23B323F8D80E00E60ADE /* WelcomeView.swift */; };
		42FB23B623F8D80F00E60ADE /* Assets.xcassets in Resources */ = {isa = PBXBuildFile; fileRef = 42FB23B523F8D80F00E60ADE /* Assets.xcassets */; };
		42FB23B923F8D80F00E60ADE /* Preview Assets.xcassets in Resources */ = {isa = PBXBuildFile; fileRef = 42FB23B823F8D80F00E60ADE /* Preview Assets.xcassets */; };
		42FB23BC23F8D80F00E60ADE /* LaunchScreen.storyboard in Resources */ = {isa = PBXBuildFile; fileRef = 42FB23BA23F8D80F00E60ADE /* LaunchScreen.storyboard */; };
		8EEDCC967553EEB1533AA25C /* libPods-test4.a in Frameworks */ = {isa = PBXBuildFile; fileRef = 1EC1E140E8EBB7BD36736D54 /* libPods-test4.a */; };
/* End PBXBuildFile section */

/* Begin PBXFileReference section */
		1202C1491D1E6EB64DD6AA33 /* Pods-test4.release.xcconfig */ = {isa = PBXFileReference; includeInIndex = 1; lastKnownFileType = text.xcconfig; name = "Pods-test4.release.xcconfig"; path = "Target Support Files/Pods-test4/Pods-test4.release.xcconfig"; sourceTree = "<group>"; };
		1EC1E140E8EBB7BD36736D54 /* libPods-test4.a */ = {isa = PBXFileReference; explicitFileType = archive.ar; includeInIndex = 0; path = "libPods-test4.a"; sourceTree = BUILT_PRODUCTS_DIR; };
		427B501623F8DC9E004B9F36 /* BackgroundImageView.swift */ = {isa = PBXFileReference; lastKnownFileType = sourcecode.swift; path = BackgroundImageView.swift; sourceTree = "<group>"; };
		427B501823F8E73D004B9F36 /* BackButtonView.swift */ = {isa = PBXFileReference; lastKnownFileType = sourcecode.swift; path = BackButtonView.swift; sourceTree = "<group>"; };
		427B501E23F90B9D004B9F36 /* BottomCardView.swift */ = {isa = PBXFileReference; lastKnownFileType = sourcecode.swift; path = BottomCardView.swift; sourceTree = "<group>"; };
		42D543CC23F95274000D131E /* MidView.swift */ = {isa = PBXFileReference; lastKnownFileType = sourcecode.swift; path = MidView.swift; sourceTree = "<group>"; };
		42D543CE23F95397000D131E /* TopView.swift */ = {isa = PBXFileReference; lastKnownFileType = sourcecode.swift; path = TopView.swift; sourceTree = "<group>"; };
		42D543D023F95465000D131E /* BottomBottomView.swift */ = {isa = PBXFileReference; lastKnownFileType = sourcecode.swift; path = BottomBottomView.swift; sourceTree = "<group>"; };
		42D543D223F95ABC000D131E /* WeatherView.swift */ = {isa = PBXFileReference; lastKnownFileType = sourcecode.swift; path = WeatherView.swift; sourceTree = "<group>"; };
		42E79E9723F9125B00AF2EFC /* ChooseAmenitiesView.swift */ = {isa = PBXFileReference; lastKnownFileType = sourcecode.swift; path = ChooseAmenitiesView.swift; sourceTree = "<group>"; };
		42E79E9923F9142700AF2EFC /* AmenitiesButtonsView.swift */ = {isa = PBXFileReference; lastKnownFileType = sourcecode.swift; path = AmenitiesButtonsView.swift; sourceTree = "<group>"; };
		42FB23AC23F8D80E00E60ADE /* test4.app */ = {isa = PBXFileReference; explicitFileType = wrapper.application; includeInIndex = 0; path = test4.app; sourceTree = BUILT_PRODUCTS_DIR; };
		42FB23AF23F8D80E00E60ADE /* AppDelegate.swift */ = {isa = PBXFileReference; lastKnownFileType = sourcecode.swift; path = AppDelegate.swift; sourceTree = "<group>"; };
		42FB23B123F8D80E00E60ADE /* SceneDelegate.swift */ = {isa = PBXFileReference; lastKnownFileType = sourcecode.swift; path = SceneDelegate.swift; sourceTree = "<group>"; };
		42FB23B323F8D80E00E60ADE /* WelcomeView.swift */ = {isa = PBXFileReference; lastKnownFileType = sourcecode.swift; path = WelcomeView.swift; sourceTree = "<group>"; };
		42FB23B523F8D80F00E60ADE /* Assets.xcassets */ = {isa = PBXFileReference; lastKnownFileType = folder.assetcatalog; path = Assets.xcassets; sourceTree = "<group>"; };
		42FB23B823F8D80F00E60ADE /* Preview Assets.xcassets */ = {isa = PBXFileReference; lastKnownFileType = folder.assetcatalog; path = "Preview Assets.xcassets"; sourceTree = "<group>"; };
		42FB23BB23F8D80F00E60ADE /* Base */ = {isa = PBXFileReference; lastKnownFileType = file.storyboard; name = Base; path = Base.lproj/LaunchScreen.storyboard; sourceTree = "<group>"; };
		42FB23BD23F8D80F00E60ADE /* Info.plist */ = {isa = PBXFileReference; lastKnownFileType = text.plist.xml; path = Info.plist; sourceTree = "<group>"; };
		A0B414F3C11FDCA6B8781DE1 /* Pods-test4.debug.xcconfig */ = {isa = PBXFileReference; includeInIndex = 1; lastKnownFileType = text.xcconfig; name = "Pods-test4.debug.xcconfig"; path = "Target Support Files/Pods-test4/Pods-test4.debug.xcconfig"; sourceTree = "<group>"; };
/* End PBXFileReference section */

/* Begin PBXFrameworksBuildPhase section */
		42FB23A923F8D80E00E60ADE /* Frameworks */ = {
			isa = PBXFrameworksBuildPhase;
			buildActionMask = 2147483647;
			files = (
				8EEDCC967553EEB1533AA25C /* libPods-test4.a in Frameworks */,
			);
			runOnlyForDeploymentPostprocessing = 0;
		};
/* End PBXFrameworksBuildPhase section */

/* Begin PBXGroup section */
		42FB23A323F8D80E00E60ADE = {
			isa = PBXGroup;
			children = (
				42FB23AE23F8D80E00E60ADE /* test4 */,
				42FB23AD23F8D80E00E60ADE /* Products */,
				B7F387410FB811D808ADB007 /* Pods */,
				D2C5C42DD20A3B12B117A4CF /* Frameworks */,
			);
			sourceTree = "<group>";
		};
		42FB23AD23F8D80E00E60ADE /* Products */ = {
			isa = PBXGroup;
			children = (
				42FB23AC23F8D80E00E60ADE /* test4.app */,
			);
			name = Products;
			sourceTree = "<group>";
		};
		42FB23AE23F8D80E00E60ADE /* test4 */ = {
			isa = PBXGroup;
			children = (
				42FB23AF23F8D80E00E60ADE /* AppDelegate.swift */,
				42FB23B123F8D80E00E60ADE /* SceneDelegate.swift */,
				42D543CC23F95274000D131E /* MidView.swift */,
				42D543CE23F95397000D131E /* TopView.swift */,
				42FB23B323F8D80E00E60ADE /* WelcomeView.swift */,
				42D543D223F95ABC000D131E /* WeatherView.swift */,
				42E79E9723F9125B00AF2EFC /* ChooseAmenitiesView.swift */,
				42D543D023F95465000D131E /* BottomBottomView.swift */,
				42E79E9923F9142700AF2EFC /* AmenitiesButtonsView.swift */,
				427B501E23F90B9D004B9F36 /* BottomCardView.swift */,
				427B501823F8E73D004B9F36 /* BackButtonView.swift */,
				427B501623F8DC9E004B9F36 /* BackgroundImageView.swift */,
				42FB23B523F8D80F00E60ADE /* Assets.xcassets */,
				42FB23BA23F8D80F00E60ADE /* LaunchScreen.storyboard */,
				42FB23BD23F8D80F00E60ADE /* Info.plist */,
				42FB23B723F8D80F00E60ADE /* Preview Content */,
			);
			path = test4;
			sourceTree = "<group>";
		};
		42FB23B723F8D80F00E60ADE /* Preview Content */ = {
			isa = PBXGroup;
			children = (
				42FB23B823F8D80F00E60ADE /* Preview Assets.xcassets */,
			);
			path = "Preview Content";
			sourceTree = "<group>";
		};
		B7F387410FB811D808ADB007 /* Pods */ = {
			isa = PBXGroup;
			children = (
				A0B414F3C11FDCA6B8781DE1 /* Pods-test4.debug.xcconfig */,
				1202C1491D1E6EB64DD6AA33 /* Pods-test4.release.xcconfig */,
			);
			name = Pods;
			path = Pods;
			sourceTree = "<group>";
		};
		D2C5C42DD20A3B12B117A4CF /* Frameworks */ = {
			isa = PBXGroup;
			children = (
				1EC1E140E8EBB7BD36736D54 /* libPods-test4.a */,
			);
			name = Frameworks;
			sourceTree = "<group>";
		};
/* End PBXGroup section */

/* Begin PBXNativeTarget section */
		42FB23AB23F8D80E00E60ADE /* test4 */ = {
			isa = PBXNativeTarget;
			buildConfigurationList = 42FB23C023F8D80F00E60ADE /* Build configuration list for PBXNativeTarget "test4" */;
			buildPhases = (
				1E5AD91590067F65836000C2 /* [CP] Check Pods Manifest.lock */,
				42FB23A823F8D80E00E60ADE /* Sources */,
				42FB23A923F8D80E00E60ADE /* Frameworks */,
				42FB23AA23F8D80E00E60ADE /* Resources */,
				33C26CA4E6E2D5C7FBBD2411 /* [CP] Copy Pods Resources */,
			);
			buildRules = (
			);
			dependencies = (
			);
			name = test4;
			productName = test4;
			productReference = 42FB23AC23F8D80E00E60ADE /* test4.app */;
			productType = "com.apple.product-type.application";
		};
/* End PBXNativeTarget section */

/* Begin PBXProject section */
		42FB23A423F8D80E00E60ADE /* Project object */ = {
			isa = PBXProject;
			attributes = {
				LastSwiftUpdateCheck = 1130;
				LastUpgradeCheck = 1130;
				ORGANIZATIONNAME = "Thien An Vu";
				TargetAttributes = {
					42FB23AB23F8D80E00E60ADE = {
						CreatedOnToolsVersion = 11.3.1;
					};
				};
			};
			buildConfigurationList = 42FB23A723F8D80E00E60ADE /* Build configuration list for PBXProject "test4" */;
			compatibilityVersion = "Xcode 9.3";
			developmentRegion = en;
			hasScannedForEncodings = 0;
			knownRegions = (
				en,
				Base,
			);
			mainGroup = 42FB23A323F8D80E00E60ADE;
			productRefGroup = 42FB23AD23F8D80E00E60ADE /* Products */;
			projectDirPath = "";
			projectRoot = "";
			targets = (
				42FB23AB23F8D80E00E60ADE /* test4 */,
			);
		};
/* End PBXProject section */

/* Begin PBXResourcesBuildPhase section */
		42FB23AA23F8D80E00E60ADE /* Resources */ = {
			isa = PBXResourcesBuildPhase;
			buildActionMask = 2147483647;
			files = (
				42FB23BC23F8D80F00E60ADE /* LaunchScreen.storyboard in Resources */,
				42FB23B923F8D80F00E60ADE /* Preview Assets.xcassets in Resources */,
				42FB23B623F8D80F00E60ADE /* Assets.xcassets in Resources */,
			);
			runOnlyForDeploymentPostprocessing = 0;
		};
/* End PBXResourcesBuildPhase section */

/* Begin PBXShellScriptBuildPhase section */
		1E5AD91590067F65836000C2 /* [CP] Check Pods Manifest.lock */ = {
			isa = PBXShellScriptBuildPhase;
			buildActionMask = 2147483647;
			files = (
			);
			inputFileListPaths = (
			);
			inputPaths = (
				"${PODS_PODFILE_DIR_PATH}/Podfile.lock",
				"${PODS_ROOT}/Manifest.lock",
			);
			name = "[CP] Check Pods Manifest.lock";
			outputFileListPaths = (
			);
			outputPaths = (
				"$(DERIVED_FILE_DIR)/Pods-test4-checkManifestLockResult.txt",
			);
			runOnlyForDeploymentPostprocessing = 0;
			shellPath = /bin/sh;
			shellScript = "diff \"${PODS_PODFILE_DIR_PATH}/Podfile.lock\" \"${PODS_ROOT}/Manifest.lock\" > /dev/null\nif [ $? != 0 ] ; then\n    # print error to STDERR\n    echo \"error: The sandbox is not in sync with the Podfile.lock. Run 'pod install' or update your CocoaPods installation.\" >&2\n    exit 1\nfi\n# This output is used by Xcode 'outputs' to avoid re-running this script phase.\necho \"SUCCESS\" > \"${SCRIPT_OUTPUT_FILE_0}\"\n";
			showEnvVarsInLog = 0;
		};
		33C26CA4E6E2D5C7FBBD2411 /* [CP] Copy Pods Resources */ = {
			isa = PBXShellScriptBuildPhase;
			buildActionMask = 2147483647;
			files = (
			);
			inputFileListPaths = (
				"${PODS_ROOT}/Target Support Files/Pods-test4/Pods-test4-resources-${CONFIGURATION}-input-files.xcfilelist",
			);
			name = "[CP] Copy Pods Resources";
			outputFileListPaths = (
				"${PODS_ROOT}/Target Support Files/Pods-test4/Pods-test4-resources-${CONFIGURATION}-output-files.xcfilelist",
			);
			runOnlyForDeploymentPostprocessing = 0;
			shellPath = /bin/sh;
			shellScript = "\"${PODS_ROOT}/Target Support Files/Pods-test4/Pods-test4-resources.sh\"\n";
			showEnvVarsInLog = 0;
		};
/* End PBXShellScriptBuildPhase section */

/* Begin PBXSourcesBuildPhase section */
		42FB23A823F8D80E00E60ADE /* Sources */ = {
			isa = PBXSourcesBuildPhase;
			buildActionMask = 2147483647;
			files = (
				42D543CD23F95274000D131E /* MidView.swift in Sources */,
				42FB23B023F8D80E00E60ADE /* AppDelegate.swift in Sources */,
				427B501F23F90B9D004B9F36 /* BottomCardView.swift in Sources */,
				42D543D323F95ABC000D131E /* WeatherView.swift in Sources */,
				42D543D123F95465000D131E /* BottomBottomView.swift in Sources */,
				42E79E9823F9125B00AF2EFC /* ChooseAmenitiesView.swift in Sources */,
				427B501923F8E73D004B9F36 /* BackButtonView.swift in Sources */,
				42FB23B223F8D80E00E60ADE /* SceneDelegate.swift in Sources */,
				42D543CF23F95397000D131E /* TopView.swift in Sources */,
				427B501723F8DC9E004B9F36 /* BackgroundImageView.swift in Sources */,
				42E79E9A23F9142700AF2EFC /* AmenitiesButtonsView.swift in Sources */,
				42FB23B423F8D80E00E60ADE /* WelcomeView.swift in Sources */,
			);
			runOnlyForDeploymentPostprocessing = 0;
		};
/* End PBXSourcesBuildPhase section */

/* Begin PBXVariantGroup section */
		42FB23BA23F8D80F00E60ADE /* LaunchScreen.storyboard */ = {
			isa = PBXVariantGroup;
			children = (
				42FB23BB23F8D80F00E60ADE /* Base */,
			);
			name = LaunchScreen.storyboard;
			sourceTree = "<group>";
		};
/* End PBXVariantGroup section */

/* Begin XCBuildConfiguration section */
		42FB23BE23F8D80F00E60ADE /* Debug */ = {
			isa = XCBuildConfiguration;
			buildSettings = {
				ALWAYS_SEARCH_USER_PATHS = NO;
				CLANG_ANALYZER_NONNULL = YES;
				CLANG_ANALYZER_NUMBER_OBJECT_CONVERSION = YES_AGGRESSIVE;
				CLANG_CXX_LANGUAGE_STANDARD = "gnu++14";
				CLANG_CXX_LIBRARY = "libc++";
				CLANG_ENABLE_MODULES = YES;
				CLANG_ENABLE_OBJC_ARC = YES;
				CLANG_ENABLE_OBJC_WEAK = YES;
				CLANG_WARN_BLOCK_CAPTURE_AUTORELEASING = YES;
				CLANG_WARN_BOOL_CONVERSION = YES;
				CLANG_WARN_COMMA = YES;
				CLANG_WARN_CONSTANT_CONVERSION = YES;
				CLANG_WARN_DEPRECATED_OBJC_IMPLEMENTATIONS = YES;
				CLANG_WARN_DIRECT_OBJC_ISA_USAGE = YES_ERROR;
				CLANG_WARN_DOCUMENTATION_COMMENTS = YES;
				CLANG_WARN_EMPTY_BODY = YES;
				CLANG_WARN_ENUM_CONVERSION = YES;
				CLANG_WARN_INFINITE_RECURSION = YES;
				CLANG_WARN_INT_CONVERSION = YES;
				CLANG_WARN_NON_LITERAL_NULL_CONVERSION = YES;
				CLANG_WARN_OBJC_IMPLICIT_RETAIN_SELF = YES;
				CLANG_WARN_OBJC_LITERAL_CONVERSION = YES;
				CLANG_WARN_OBJC_ROOT_CLASS = YES_ERROR;
				CLANG_WARN_RANGE_LOOP_ANALYSIS = YES;
				CLANG_WARN_STRICT_PROTOTYPES = YES;
				CLANG_WARN_SUSPICIOUS_MOVE = YES;
				CLANG_WARN_UNGUARDED_AVAILABILITY = YES_AGGRESSIVE;
				CLANG_WARN_UNREACHABLE_CODE = YES;
				CLANG_WARN__DUPLICATE_METHOD_MATCH = YES;
				COPY_PHASE_STRIP = NO;
				DEBUG_INFORMATION_FORMAT = dwarf;
				ENABLE_STRICT_OBJC_MSGSEND = YES;
				ENABLE_TESTABILITY = YES;
				GCC_C_LANGUAGE_STANDARD = gnu11;
				GCC_DYNAMIC_NO_PIC = NO;
				GCC_NO_COMMON_BLOCKS = YES;
				GCC_OPTIMIZATION_LEVEL = 0;
				GCC_PREPROCESSOR_DEFINITIONS = (
					"DEBUG=1",
					"$(inherited)",
				);
				GCC_WARN_64_TO_32_BIT_CONVERSION = YES;
				GCC_WARN_ABOUT_RETURN_TYPE = YES_ERROR;
				GCC_WARN_UNDECLARED_SELECTOR = YES;
				GCC_WARN_UNINITIALIZED_AUTOS = YES_AGGRESSIVE;
				GCC_WARN_UNUSED_FUNCTION = YES;
				GCC_WARN_UNUSED_VARIABLE = YES;
				IPHONEOS_DEPLOYMENT_TARGET = 13.2;
				MTL_ENABLE_DEBUG_INFO = INCLUDE_SOURCE;
				MTL_FAST_MATH = YES;
				ONLY_ACTIVE_ARCH = YES;
				SDKROOT = iphoneos;
				SWIFT_ACTIVE_COMPILATION_CONDITIONS = DEBUG;
				SWIFT_OPTIMIZATION_LEVEL = "-Onone";
			};
			name = Debug;
		};
		42FB23BF23F8D80F00E60ADE /* Release */ = {
			isa = XCBuildConfiguration;
			buildSettings = {
				ALWAYS_SEARCH_USER_PATHS = NO;
				CLANG_ANALYZER_NONNULL = YES;
				CLANG_ANALYZER_NUMBER_OBJECT_CONVERSION = YES_AGGRESSIVE;
				CLANG_CXX_LANGUAGE_STANDARD = "gnu++14";
				CLANG_CXX_LIBRARY = "libc++";
				CLANG_ENABLE_MODULES = YES;
				CLANG_ENABLE_OBJC_ARC = YES;
				CLANG_ENABLE_OBJC_WEAK = YES;
				CLANG_WARN_BLOCK_CAPTURE_AUTORELEASING = YES;
				CLANG_WARN_BOOL_CONVERSION = YES;
				CLANG_WARN_COMMA = YES;
				CLANG_WARN_CONSTANT_CONVERSION = YES;
				CLANG_WARN_DEPRECATED_OBJC_IMPLEMENTATIONS = YES;
				CLANG_WARN_DIRECT_OBJC_ISA_USAGE = YES_ERROR;
				CLANG_WARN_DOCUMENTATION_COMMENTS = YES;
				CLANG_WARN_EMPTY_BODY = YES;
				CLANG_WARN_ENUM_CONVERSION = YES;
				CLANG_WARN_INFINITE_RECURSION = YES;
				CLANG_WARN_INT_CONVERSION = YES;
				CLANG_WARN_NON_LITERAL_NULL_CONVERSION = YES;
				CLANG_WARN_OBJC_IMPLICIT_RETAIN_SELF = YES;
				CLANG_WARN_OBJC_LITERAL_CONVERSION = YES;
				CLANG_WARN_OBJC_ROOT_CLASS = YES_ERROR;
				CLANG_WARN_RANGE_LOOP_ANALYSIS = YES;
				CLANG_WARN_STRICT_PROTOTYPES = YES;
				CLANG_WARN_SUSPICIOUS_MOVE = YES;
				CLANG_WARN_UNGUARDED_AVAILABILITY = YES_AGGRESSIVE;
				CLANG_WARN_UNREACHABLE_CODE = YES;
				CLANG_WARN__DUPLICATE_METHOD_MATCH = YES;
				COPY_PHASE_STRIP = NO;
				DEBUG_INFORMATION_FORMAT = "dwarf-with-dsym";
				ENABLE_NS_ASSERTIONS = NO;
				ENABLE_STRICT_OBJC_MSGSEND = YES;
				GCC_C_LANGUAGE_STANDARD = gnu11;
				GCC_NO_COMMON_BLOCKS = YES;
				GCC_WARN_64_TO_32_BIT_CONVERSION = YES;
				GCC_WARN_ABOUT_RETURN_TYPE = YES_ERROR;
				GCC_WARN_UNDECLARED_SELECTOR = YES;
				GCC_WARN_UNINITIALIZED_AUTOS = YES_AGGRESSIVE;
				GCC_WARN_UNUSED_FUNCTION = YES;
				GCC_WARN_UNUSED_VARIABLE = YES;
				IPHONEOS_DEPLOYMENT_TARGET = 13.2;
				MTL_ENABLE_DEBUG_INFO = NO;
				MTL_FAST_MATH = YES;
				SDKROOT = iphoneos;
				SWIFT_COMPILATION_MODE = wholemodule;
				SWIFT_OPTIMIZATION_LEVEL = "-O";
				VALIDATE_PRODUCT = YES;
			};
			name = Release;
		};
		42FB23C123F8D80F00E60ADE /* Debug */ = {
			isa = XCBuildConfiguration;
			baseConfigurationReference = A0B414F3C11FDCA6B8781DE1 /* Pods-test4.debug.xcconfig */;
			buildSettings = {
				ASSETCATALOG_COMPILER_APPICON_NAME = AppIcon;
				CODE_SIGN_STYLE = Automatic;
				DEVELOPMENT_ASSET_PATHS = "\"test4/Preview Content\"";
				ENABLE_PREVIEWS = YES;
				INFOPLIST_FILE = test4/Info.plist;
				LD_RUNPATH_SEARCH_PATHS = (
					"$(inherited)",
					"@executable_path/Frameworks",
				);
				PRODUCT_BUNDLE_IDENTIFIER = com.teenon.test4;
				PRODUCT_NAME = "$(TARGET_NAME)";
				SWIFT_VERSION = 5.0;
				TARGETED_DEVICE_FAMILY = "1,2";
			};
			name = Debug;
		};
		42FB23C223F8D80F00E60ADE /* Release */ = {
			isa = XCBuildConfiguration;
			baseConfigurationReference = 1202C1491D1E6EB64DD6AA33 /* Pods-test4.release.xcconfig */;
			buildSettings = {
				ASSETCATALOG_COMPILER_APPICON_NAME = AppIcon;
				CODE_SIGN_STYLE = Automatic;
				DEVELOPMENT_ASSET_PATHS = "\"test4/Preview Content\"";
				ENABLE_PREVIEWS = YES;
				INFOPLIST_FILE = test4/Info.plist;
				LD_RUNPATH_SEARCH_PATHS = (
					"$(inherited)",
					"@executable_path/Frameworks",
				);
				PRODUCT_BUNDLE_IDENTIFIER = com.teenon.test4;
				PRODUCT_NAME = "$(TARGET_NAME)";
				SWIFT_VERSION = 5.0;
				TARGETED_DEVICE_FAMILY = "1,2";
			};
			name = Release;
		};
/* End XCBuildConfiguration section */

/* Begin XCConfigurationList section */
		42FB23A723F8D80E00E60ADE /* Build configuration list for PBXProject "test4" */ = {
			isa = XCConfigurationList;
			buildConfigurations = (
				42FB23BE23F8D80F00E60ADE /* Debug */,
				42FB23BF23F8D80F00E60ADE /* Release */,
			);
			defaultConfigurationIsVisible = 0;
			defaultConfigurationName = Release;
		};
		42FB23C023F8D80F00E60ADE /* Build configuration list for PBXNativeTarget "test4" */ = {
			isa = XCConfigurationList;
			buildConfigurations = (
				42FB23C123F8D80F00E60ADE /* Debug */,
				42FB23C223F8D80F00E60ADE /* Release */,
			);
			defaultConfigurationIsVisible = 0;
			defaultConfigurationName = Release;
		};
/* End XCConfigurationList section */
	};
	rootObject = 42FB23A423F8D80E00E60ADE /* Project object */;
}
